// !$*UTF8*$!
{
	archiveVersion = 1;
	classes = {
	};
	objectVersion = 56;
	objects = {

/* Begin PBXBuildFile section */
		FB0E67FF2A55B82B00AAF4F7 /* AppEntry.swift in Sources */ = {isa = PBXBuildFile; fileRef = FB0E67FE2A55B82B00AAF4F7 /* AppEntry.swift */; };
		FB0E68012A55B82B00AAF4F7 /* ContentView.swift in Sources */ = {isa = PBXBuildFile; fileRef = FB0E68002A55B82B00AAF4F7 /* ContentView.swift */; };
		FB0E68032A55B82D00AAF4F7 /* Assets.xcassets in Resources */ = {isa = PBXBuildFile; fileRef = FB0E68022A55B82D00AAF4F7 /* Assets.xcassets */; };
		FB0E68062A55B82D00AAF4F7 /* Preview Assets.xcassets in Resources */ = {isa = PBXBuildFile; fileRef = FB0E68052A55B82D00AAF4F7 /* Preview Assets.xcassets */; };
		FB0E680F2A55B89400AAF4F7 /* ImageGalleryDataModel.xcdatamodeld in Sources */ = {isa = PBXBuildFile; fileRef = FB0E680D2A55B89400AAF4F7 /* ImageGalleryDataModel.xcdatamodeld */; };
		FB0E68112A55B8D200AAF4F7 /* MyImagesContainer.swift in Sources */ = {isa = PBXBuildFile; fileRef = FB0E68102A55B8D200AAF4F7 /* MyImagesContainer.swift */; };
		FB0E68132A55B95B00AAF4F7 /* MyImage+Ext.swift in Sources */ = {isa = PBXBuildFile; fileRef = FB0E68122A55B95B00AAF4F7 /* MyImage+Ext.swift */; };
		FB0E68152A55BA1000AAF4F7 /* ImagePicker.swift in Sources */ = {isa = PBXBuildFile; fileRef = FB0E68142A55BA1000AAF4F7 /* ImagePicker.swift */; };
		FB0E68182A55BD1200AAF4F7 /* FormViewModel.swift in Sources */ = {isa = PBXBuildFile; fileRef = FB0E68172A55BD1200AAF4F7 /* FormViewModel.swift */; };
		FB0E681C2A55BE2E00AAF4F7 /* ImageFormView.swift in Sources */ = {isa = PBXBuildFile; fileRef = FB0E681B2A55BE2E00AAF4F7 /* ImageFormView.swift */; };
		FB0E681E2A569CF000AAF4F7 /* FormType.swift in Sources */ = {isa = PBXBuildFile; fileRef = FB0E681D2A569CF000AAF4F7 /* FormType.swift */; };
		FB0E68202A569DC500AAF4F7 /* FileManager+Ext.swift in Sources */ = {isa = PBXBuildFile; fileRef = FB0E681F2A569DC500AAF4F7 /* FileManager+Ext.swift */; };
		FB0E68222A56F28900AAF4F7 /* ShareService.swift in Sources */ = {isa = PBXBuildFile; fileRef = FB0E68212A56F28900AAF4F7 /* ShareService.swift */; };
		FB98DE992A6D4B8600311C6E /* UIImageTransformer.swift in Sources */ = {isa = PBXBuildFile; fileRef = FB98DE982A6D4B8600311C6E /* UIImageTransformer.swift */; };
		FB98DE9C2A6D4BF300311C6E /* MyImage+CoreDataClass.swift in Sources */ = {isa = PBXBuildFile; fileRef = FB98DE9A2A6D4BF300311C6E /* MyImage+CoreDataClass.swift */; };
		FB98DE9D2A6D4BF300311C6E /* MyImage+CoreDataProperties.swift in Sources */ = {isa = PBXBuildFile; fileRef = FB98DE9B2A6D4BF300311C6E /* MyImage+CoreDataProperties.swift */; };
		FBF2070D2A59527100C4AACE /* ZIPFoundation in Frameworks */ = {isa = PBXBuildFile; productRef = FBF2070C2A59527100C4AACE /* ZIPFoundation */; };
		FBF207102A595B3F00C4AACE /* EmailForm.swift in Sources */ = {isa = PBXBuildFile; fileRef = FBF2070F2A595B3F00C4AACE /* EmailForm.swift */; };
		FBF207122A595B5900C4AACE /* EmailView.swift in Sources */ = {isa = PBXBuildFile; fileRef = FBF207112A595B5900C4AACE /* EmailView.swift */; };
/* End PBXBuildFile section */

/* Begin PBXFileReference section */
		FB0E67FB2A55B82B00AAF4F7 /* iCloudCoreDataImageGallery.app */ = {isa = PBXFileReference; explicitFileType = wrapper.application; includeInIndex = 0; path = iCloudCoreDataImageGallery.app; sourceTree = BUILT_PRODUCTS_DIR; };
		FB0E67FE2A55B82B00AAF4F7 /* AppEntry.swift */ = {isa = PBXFileReference; lastKnownFileType = sourcecode.swift; path = AppEntry.swift; sourceTree = "<group>"; };
		FB0E68002A55B82B00AAF4F7 /* ContentView.swift */ = {isa = PBXFileReference; lastKnownFileType = sourcecode.swift; path = ContentView.swift; sourceTree = "<group>"; };
		FB0E68022A55B82D00AAF4F7 /* Assets.xcassets */ = {isa = PBXFileReference; lastKnownFileType = folder.assetcatalog; path = Assets.xcassets; sourceTree = "<group>"; };
		FB0E68052A55B82D00AAF4F7 /* Preview Assets.xcassets */ = {isa = PBXFileReference; lastKnownFileType = folder.assetcatalog; path = "Preview Assets.xcassets"; sourceTree = "<group>"; };
		FB0E680E2A55B89400AAF4F7 /* ImageGalleryDataModel.xcdatamodel */ = {isa = PBXFileReference; lastKnownFileType = wrapper.xcdatamodel; path = ImageGalleryDataModel.xcdatamodel; sourceTree = "<group>"; };
		FB0E68102A55B8D200AAF4F7 /* MyImagesContainer.swift */ = {isa = PBXFileReference; lastKnownFileType = sourcecode.swift; path = MyImagesContainer.swift; sourceTree = "<group>"; };
		FB0E68122A55B95B00AAF4F7 /* MyImage+Ext.swift */ = {isa = PBXFileReference; lastKnownFileType = sourcecode.swift; path = "MyImage+Ext.swift"; sourceTree = "<group>"; };
		FB0E68142A55BA1000AAF4F7 /* ImagePicker.swift */ = {isa = PBXFileReference; lastKnownFileType = sourcecode.swift; path = ImagePicker.swift; sourceTree = "<group>"; };
		FB0E68172A55BD1200AAF4F7 /* FormViewModel.swift */ = {isa = PBXFileReference; lastKnownFileType = sourcecode.swift; path = FormViewModel.swift; sourceTree = "<group>"; };
		FB0E681B2A55BE2E00AAF4F7 /* ImageFormView.swift */ = {isa = PBXFileReference; lastKnownFileType = sourcecode.swift; path = ImageFormView.swift; sourceTree = "<group>"; };
		FB0E681D2A569CF000AAF4F7 /* FormType.swift */ = {isa = PBXFileReference; lastKnownFileType = sourcecode.swift; path = FormType.swift; sourceTree = "<group>"; };
		FB0E681F2A569DC500AAF4F7 /* FileManager+Ext.swift */ = {isa = PBXFileReference; lastKnownFileType = sourcecode.swift; path = "FileManager+Ext.swift"; sourceTree = "<group>"; };
		FB0E68212A56F28900AAF4F7 /* ShareService.swift */ = {isa = PBXFileReference; lastKnownFileType = sourcecode.swift; path = ShareService.swift; sourceTree = "<group>"; };
		FB0E68232A57143600AAF4F7 /* Info.plist */ = {isa = PBXFileReference; lastKnownFileType = text.plist; path = Info.plist; sourceTree = "<group>"; };
		FB0E68282A5715AD00AAF4F7 /* icon-doc.png */ = {isa = PBXFileReference; lastKnownFileType = image.png; path = "icon-doc.png"; sourceTree = "<group>"; };
		FB98DE982A6D4B8600311C6E /* UIImageTransformer.swift */ = {isa = PBXFileReference; lastKnownFileType = sourcecode.swift; path = UIImageTransformer.swift; sourceTree = "<group>"; };
		FB98DE9A2A6D4BF300311C6E /* MyImage+CoreDataClass.swift */ = {isa = PBXFileReference; lastKnownFileType = sourcecode.swift; path = "MyImage+CoreDataClass.swift"; sourceTree = "<group>"; };
		FB98DE9B2A6D4BF300311C6E /* MyImage+CoreDataProperties.swift */ = {isa = PBXFileReference; lastKnownFileType = sourcecode.swift; path = "MyImage+CoreDataProperties.swift"; sourceTree = "<group>"; };
		FBF2070F2A595B3F00C4AACE /* EmailForm.swift */ = {isa = PBXFileReference; lastKnownFileType = sourcecode.swift; path = EmailForm.swift; sourceTree = "<group>"; };
		FBF207112A595B5900C4AACE /* EmailView.swift */ = {isa = PBXFileReference; lastKnownFileType = sourcecode.swift; path = EmailView.swift; sourceTree = "<group>"; };
/* End PBXFileReference section */

/* Begin PBXFrameworksBuildPhase section */
		FB0E67F82A55B82B00AAF4F7 /* Frameworks */ = {
			isa = PBXFrameworksBuildPhase;
			buildActionMask = 2147483647;
			files = (
				FBF2070D2A59527100C4AACE /* ZIPFoundation in Frameworks */,
			);
			runOnlyForDeploymentPostprocessing = 0;
		};
/* End PBXFrameworksBuildPhase section */

/* Begin PBXGroup section */
		FB0E67F22A55B82B00AAF4F7 = {
			isa = PBXGroup;
			children = (
				FB0E67FD2A55B82B00AAF4F7 /* iCloudCoreDataImageGallery */,
				FB0E67FC2A55B82B00AAF4F7 /* Products */,
			);
			sourceTree = "<group>";
		};
		FB0E67FC2A55B82B00AAF4F7 /* Products */ = {
			isa = PBXGroup;
			children = (
				FB0E67FB2A55B82B00AAF4F7 /* iCloudCoreDataImageGallery.app */,
			);
			name = Products;
			sourceTree = "<group>";
		};
		FB0E67FD2A55B82B00AAF4F7 /* iCloudCoreDataImageGallery */ = {
			isa = PBXGroup;
			children = (
				FB0E68232A57143600AAF4F7 /* Info.plist */,
				FB0E68282A5715AD00AAF4F7 /* icon-doc.png */,
				FB0E67FE2A55B82B00AAF4F7 /* AppEntry.swift */,
				FB0E68002A55B82B00AAF4F7 /* ContentView.swift */,
				FB0E681F2A569DC500AAF4F7 /* FileManager+Ext.swift */,
				FB0E68142A55BA1000AAF4F7 /* ImagePicker.swift */,
				FB0E68212A56F28900AAF4F7 /* ShareService.swift */,
				FB0E68022A55B82D00AAF4F7 /* Assets.xcassets */,
				FB0E680C2A55B87200AAF4F7 /* CoreData */,
				FB0E68162A55BD0300AAF4F7 /* Form */,
				FBF2070E2A595B2500C4AACE /* Mail */,
				FB0E68042A55B82D00AAF4F7 /* Preview Content */,
			);
			path = iCloudCoreDataImageGallery;
			sourceTree = "<group>";
		};
		FB0E68042A55B82D00AAF4F7 /* Preview Content */ = {
			isa = PBXGroup;
			children = (
				FB0E68052A55B82D00AAF4F7 /* Preview Assets.xcassets */,
			);
			path = "Preview Content";
			sourceTree = "<group>";
		};
		FB0E680C2A55B87200AAF4F7 /* CoreData */ = {
			isa = PBXGroup;
			children = (
				FB98DE9A2A6D4BF300311C6E /* MyImage+CoreDataClass.swift */,
				FB98DE9B2A6D4BF300311C6E /* MyImage+CoreDataProperties.swift */,
				FB0E680D2A55B89400AAF4F7 /* ImageGalleryDataModel.xcdatamodeld */,
				FB0E68102A55B8D200AAF4F7 /* MyImagesContainer.swift */,
				FB0E68122A55B95B00AAF4F7 /* MyImage+Ext.swift */,
				FB98DE982A6D4B8600311C6E /* UIImageTransformer.swift */,
			);
			path = CoreData;
			sourceTree = "<group>";
		};
		FB0E68162A55BD0300AAF4F7 /* Form */ = {
			isa = PBXGroup;
			children = (
				FB0E68172A55BD1200AAF4F7 /* FormViewModel.swift */,
				FB0E681B2A55BE2E00AAF4F7 /* ImageFormView.swift */,
				FB0E681D2A569CF000AAF4F7 /* FormType.swift */,
			);
			path = Form;
			sourceTree = "<group>";
		};
		FBF2070E2A595B2500C4AACE /* Mail */ = {
			isa = PBXGroup;
			children = (
				FBF2070F2A595B3F00C4AACE /* EmailForm.swift */,
				FBF207112A595B5900C4AACE /* EmailView.swift */,
			);
			path = Mail;
			sourceTree = "<group>";
		};
/* End PBXGroup section */

/* Begin PBXNativeTarget section */
		FB0E67FA2A55B82B00AAF4F7 /* iCloudCoreDataImageGallery */ = {
			isa = PBXNativeTarget;
			buildConfigurationList = FB0E68092A55B82D00AAF4F7 /* Build configuration list for PBXNativeTarget "iCloudCoreDataImageGallery" */;
			buildPhases = (
				FB0E67F72A55B82B00AAF4F7 /* Sources */,
				FB0E67F82A55B82B00AAF4F7 /* Frameworks */,
				FB0E67F92A55B82B00AAF4F7 /* Resources */,
			);
			buildRules = (
			);
			dependencies = (
			);
			name = iCloudCoreDataImageGallery;
			packageProductDependencies = (
				FBF2070C2A59527100C4AACE /* ZIPFoundation */,
			);
			productName = iCloudCoreDataImageGallery;
			productReference = FB0E67FB2A55B82B00AAF4F7 /* iCloudCoreDataImageGallery.app */;
			productType = "com.apple.product-type.application";
		};
/* End PBXNativeTarget section */

/* Begin PBXProject section */
		FB0E67F32A55B82B00AAF4F7 /* Project object */ = {
			isa = PBXProject;
			attributes = {
				BuildIndependentTargetsInParallel = 1;
				LastSwiftUpdateCheck = 1430;
				LastUpgradeCheck = 1430;
				TargetAttributes = {
					FB0E67FA2A55B82B00AAF4F7 = {
						CreatedOnToolsVersion = 14.3.1;
					};
				};
			};
			buildConfigurationList = FB0E67F62A55B82B00AAF4F7 /* Build configuration list for PBXProject "iCloudCoreDataImageGallery" */;
			compatibilityVersion = "Xcode 14.0";
			developmentRegion = en;
			hasScannedForEncodings = 0;
			knownRegions = (
				en,
				Base,
			);
			mainGroup = FB0E67F22A55B82B00AAF4F7;
			packageReferences = (
				FBF2070B2A59527100C4AACE /* XCRemoteSwiftPackageReference "ZIPFoundation" */,
			);
			productRefGroup = FB0E67FC2A55B82B00AAF4F7 /* Products */;
			projectDirPath = "";
			projectRoot = "";
			targets = (
				FB0E67FA2A55B82B00AAF4F7 /* iCloudCoreDataImageGallery */,
			);
		};
/* End PBXProject section */

/* Begin PBXResourcesBuildPhase section */
		FB0E67F92A55B82B00AAF4F7 /* Resources */ = {
			isa = PBXResourcesBuildPhase;
			buildActionMask = 2147483647;
			files = (
				FB0E68062A55B82D00AAF4F7 /* Preview Assets.xcassets in Resources */,
				FB0E68032A55B82D00AAF4F7 /* Assets.xcassets in Resources */,
			);
			runOnlyForDeploymentPostprocessing = 0;
		};
/* End PBXResourcesBuildPhase section */

/* Begin PBXSourcesBuildPhase section */
		FB0E67F72A55B82B00AAF4F7 /* Sources */ = {
			isa = PBXSourcesBuildPhase;
			buildActionMask = 2147483647;
			files = (
				FBF207122A595B5900C4AACE /* EmailView.swift in Sources */,
				FB98DE9C2A6D4BF300311C6E /* MyImage+CoreDataClass.swift in Sources */,
				FB0E681C2A55BE2E00AAF4F7 /* ImageFormView.swift in Sources */,
				FB0E68012A55B82B00AAF4F7 /* ContentView.swift in Sources */,
				FB0E68222A56F28900AAF4F7 /* ShareService.swift in Sources */,
				FB0E68112A55B8D200AAF4F7 /* MyImagesContainer.swift in Sources */,
				FB0E67FF2A55B82B00AAF4F7 /* AppEntry.swift in Sources */,
				FB0E681E2A569CF000AAF4F7 /* FormType.swift in Sources */,
				FBF207102A595B3F00C4AACE /* EmailForm.swift in Sources */,
				FB0E68202A569DC500AAF4F7 /* FileManager+Ext.swift in Sources */,
				FB0E68152A55BA1000AAF4F7 /* ImagePicker.swift in Sources */,
				FB0E68182A55BD1200AAF4F7 /* FormViewModel.swift in Sources */,
				FB0E680F2A55B89400AAF4F7 /* ImageGalleryDataModel.xcdatamodeld in Sources */,
				FB0E68132A55B95B00AAF4F7 /* MyImage+Ext.swift in Sources */,
				FB98DE9D2A6D4BF300311C6E /* MyImage+CoreDataProperties.swift in Sources */,
				FB98DE992A6D4B8600311C6E /* UIImageTransformer.swift in Sources */,
			);
			runOnlyForDeploymentPostprocessing = 0;
		};
/* End PBXSourcesBuildPhase section */

/* Begin XCBuildConfiguration section */
		FB0E68072A55B82D00AAF4F7 /* Debug */ = {
			isa = XCBuildConfiguration;
			buildSettings = {
				ALWAYS_SEARCH_USER_PATHS = NO;
				CLANG_ANALYZER_NONNULL = YES;
				CLANG_ANALYZER_NUMBER_OBJECT_CONVERSION = YES_AGGRESSIVE;
				CLANG_CXX_LANGUAGE_STANDARD = "gnu++20";
				CLANG_ENABLE_MODULES = YES;
				CLANG_ENABLE_OBJC_ARC = YES;
				CLANG_ENABLE_OBJC_WEAK = YES;
				CLANG_WARN_BLOCK_CAPTURE_AUTORELEASING = YES;
				CLANG_WARN_BOOL_CONVERSION = YES;
				CLANG_WARN_COMMA = YES;
				CLANG_WARN_CONSTANT_CONVERSION = YES;
				CLANG_WARN_DEPRECATED_OBJC_IMPLEMENTATIONS = YES;
				CLANG_WARN_DIRECT_OBJC_ISA_USAGE = YES_ERROR;
				CLANG_WARN_DOCUMENTATION_COMMENTS = YES;
				CLANG_WARN_EMPTY_BODY = YES;
				CLANG_WARN_ENUM_CONVERSION = YES;
				CLANG_WARN_INFINITE_RECURSION = YES;
				CLANG_WARN_INT_CONVERSION = YES;
				CLANG_WARN_NON_LITERAL_NULL_CONVERSION = YES;
				CLANG_WARN_OBJC_IMPLICIT_RETAIN_SELF = YES;
				CLANG_WARN_OBJC_LITERAL_CONVERSION = YES;
				CLANG_WARN_OBJC_ROOT_CLASS = YES_ERROR;
				CLANG_WARN_QUOTED_INCLUDE_IN_FRAMEWORK_HEADER = YES;
				CLANG_WARN_RANGE_LOOP_ANALYSIS = YES;
				CLANG_WARN_STRICT_PROTOTYPES = YES;
				CLANG_WARN_SUSPICIOUS_MOVE = YES;
				CLANG_WARN_UNGUARDED_AVAILABILITY = YES_AGGRESSIVE;
				CLANG_WARN_UNREACHABLE_CODE = YES;
				CLANG_WARN__DUPLICATE_METHOD_MATCH = YES;
				COPY_PHASE_STRIP = NO;
				DEBUG_INFORMATION_FORMAT = dwarf;
				ENABLE_STRICT_OBJC_MSGSEND = YES;
				ENABLE_TESTABILITY = YES;
				GCC_C_LANGUAGE_STANDARD = gnu11;
				GCC_DYNAMIC_NO_PIC = NO;
				GCC_NO_COMMON_BLOCKS = YES;
				GCC_OPTIMIZATION_LEVEL = 0;
				GCC_PREPROCESSOR_DEFINITIONS = (
					"DEBUG=1",
					"$(inherited)",
				);
				GCC_WARN_64_TO_32_BIT_CONVERSION = YES;
				GCC_WARN_ABOUT_RETURN_TYPE = YES_ERROR;
				GCC_WARN_UNDECLARED_SELECTOR = YES;
				GCC_WARN_UNINITIALIZED_AUTOS = YES_AGGRESSIVE;
				GCC_WARN_UNUSED_FUNCTION = YES;
				GCC_WARN_UNUSED_VARIABLE = YES;
				IPHONEOS_DEPLOYMENT_TARGET = 16.4;
				MTL_ENABLE_DEBUG_INFO = INCLUDE_SOURCE;
				MTL_FAST_MATH = YES;
				ONLY_ACTIVE_ARCH = YES;
				SDKROOT = iphoneos;
				SWIFT_ACTIVE_COMPILATION_CONDITIONS = DEBUG;
				SWIFT_OPTIMIZATION_LEVEL = "-Onone";
			};
			name = Debug;
		};
		FB0E68082A55B82D00AAF4F7 /* Release */ = {
			isa = XCBuildConfiguration;
			buildSettings = {
				ALWAYS_SEARCH_USER_PATHS = NO;
				CLANG_ANALYZER_NONNULL = YES;
				CLANG_ANALYZER_NUMBER_OBJECT_CONVERSION = YES_AGGRESSIVE;
				CLANG_CXX_LANGUAGE_STANDARD = "gnu++20";
				CLANG_ENABLE_MODULES = YES;
				CLANG_ENABLE_OBJC_ARC = YES;
				CLANG_ENABLE_OBJC_WEAK = YES;
				CLANG_WARN_BLOCK_CAPTURE_AUTORELEASING = YES;
				CLANG_WARN_BOOL_CONVERSION = YES;
				CLANG_WARN_COMMA = YES;
				CLANG_WARN_CONSTANT_CONVERSION = YES;
				CLANG_WARN_DEPRECATED_OBJC_IMPLEMENTATIONS = YES;
				CLANG_WARN_DIRECT_OBJC_ISA_USAGE = YES_ERROR;
				CLANG_WARN_DOCUMENTATION_COMMENTS = YES;
				CLANG_WARN_EMPTY_BODY = YES;
				CLANG_WARN_ENUM_CONVERSION = YES;
				CLANG_WARN_INFINITE_RECURSION = YES;
				CLANG_WARN_INT_CONVERSION = YES;
				CLANG_WARN_NON_LITERAL_NULL_CONVERSION = YES;
				CLANG_WARN_OBJC_IMPLICIT_RETAIN_SELF = YES;
				CLANG_WARN_OBJC_LITERAL_CONVERSION = YES;
				CLANG_WARN_OBJC_ROOT_CLASS = YES_ERROR;
				CLANG_WARN_QUOTED_INCLUDE_IN_FRAMEWORK_HEADER = YES;
				CLANG_WARN_RANGE_LOOP_ANALYSIS = YES;
				CLANG_WARN_STRICT_PROTOTYPES = YES;
				CLANG_WARN_SUSPICIOUS_MOVE = YES;
				CLANG_WARN_UNGUARDED_AVAILABILITY = YES_AGGRESSIVE;
				CLANG_WARN_UNREACHABLE_CODE = YES;
				CLANG_WARN__DUPLICATE_METHOD_MATCH = YES;
				COPY_PHASE_STRIP = NO;
				DEBUG_INFORMATION_FORMAT = "dwarf-with-dsym";
				ENABLE_NS_ASSERTIONS = NO;
				ENABLE_STRICT_OBJC_MSGSEND = YES;
				GCC_C_LANGUAGE_STANDARD = gnu11;
				GCC_NO_COMMON_BLOCKS = YES;
				GCC_WARN_64_TO_32_BIT_CONVERSION = YES;
				GCC_WARN_ABOUT_RETURN_TYPE = YES_ERROR;
				GCC_WARN_UNDECLARED_SELECTOR = YES;
				GCC_WARN_UNINITIALIZED_AUTOS = YES_AGGRESSIVE;
				GCC_WARN_UNUSED_FUNCTION = YES;
				GCC_WARN_UNUSED_VARIABLE = YES;
				IPHONEOS_DEPLOYMENT_TARGET = 16.4;
				MTL_ENABLE_DEBUG_INFO = NO;
				MTL_FAST_MATH = YES;
				SDKROOT = iphoneos;
				SWIFT_COMPILATION_MODE = wholemodule;
				SWIFT_OPTIMIZATION_LEVEL = "-O";
				VALIDATE_PRODUCT = YES;
			};
			name = Release;
		};
		FB0E680A2A55B82D00AAF4F7 /* Debug */ = {
			isa = XCBuildConfiguration;
			buildSettings = {
				ASSETCATALOG_COMPILER_APPICON_NAME = AppIcon;
				ASSETCATALOG_COMPILER_GLOBAL_ACCENT_COLOR_NAME = AccentColor;
				CODE_SIGN_STYLE = Automatic;
				CURRENT_PROJECT_VERSION = 1;
				DEVELOPMENT_ASSET_PATHS = "\"iCloudCoreDataImageGallery/Preview Content\"";
				DEVELOPMENT_TEAM = Z824M97CF2;
				ENABLE_PREVIEWS = YES;
				GENERATE_INFOPLIST_FILE = YES;
				INFOPLIST_FILE = iCloudCoreDataImageGallery/Info.plist;
				INFOPLIST_KEY_LSSupportsOpeningDocumentsInPlace = NO;
				INFOPLIST_KEY_UIApplicationSceneManifest_Generation = YES;
				INFOPLIST_KEY_UIApplicationSupportsIndirectInputEvents = YES;
				INFOPLIST_KEY_UILaunchScreen_Generation = YES;
				INFOPLIST_KEY_UISupportedInterfaceOrientations_iPad = "UIInterfaceOrientationPortrait UIInterfaceOrientationPortraitUpsideDown UIInterfaceOrientationLandscapeLeft UIInterfaceOrientationLandscapeRight";
				INFOPLIST_KEY_UISupportedInterfaceOrientations_iPhone = "UIInterfaceOrientationPortrait UIInterfaceOrientationLandscapeLeft UIInterfaceOrientationLandscapeRight";
				INFOPLIST_KEY_UISupportsDocumentBrowser = NO;
				LD_RUNPATH_SEARCH_PATHS = (
					"$(inherited)",
					"@executable_path/Frameworks",
				);
				MARKETING_VERSION = 1.0;
				PRODUCT_BUNDLE_IDENTIFIER = com.hafizhmo.iCloudCoreDataImageGallery;
				PRODUCT_NAME = "$(TARGET_NAME)";
				SWIFT_EMIT_LOC_STRINGS = YES;
				SWIFT_VERSION = 5.0;
				TARGETED_DEVICE_FAMILY = "1,2";
			};
			name = Debug;
		};
		FB0E680B2A55B82D00AAF4F7 /* Release */ = {
			isa = XCBuildConfiguration;
			buildSettings = {
				ASSETCATALOG_COMPILER_APPICON_NAME = AppIcon;
				ASSETCATALOG_COMPILER_GLOBAL_ACCENT_COLOR_NAME = AccentColor;
				CODE_SIGN_STYLE = Automatic;
				CURRENT_PROJECT_VERSION = 1;
				DEVELOPMENT_ASSET_PATHS = "\"iCloudCoreDataImageGallery/Preview Content\"";
				DEVELOPMENT_TEAM = Z824M97CF2;
				ENABLE_PREVIEWS = YES;
				GENERATE_INFOPLIST_FILE = YES;
				INFOPLIST_FILE = iCloudCoreDataImageGallery/Info.plist;
				INFOPLIST_KEY_LSSupportsOpeningDocumentsInPlace = NO;
				INFOPLIST_KEY_UIApplicationSceneManifest_Generation = YES;
				INFOPLIST_KEY_UIApplicationSupportsIndirectInputEvents = YES;
				INFOPLIST_KEY_UILaunchScreen_Generation = YES;
				INFOPLIST_KEY_UISupportedInterfaceOrientations_iPad = "UIInterfaceOrientationPortrait UIInterfaceOrientationPortraitUpsideDown UIInterfaceOrientationLandscapeLeft UIInterfaceOrientationLandscapeRight";
				INFOPLIST_KEY_UISupportedInterfaceOrientations_iPhone = "UIInterfaceOrientationPortrait UIInterfaceOrientationLandscapeLeft UIInterfaceOrientationLandscapeRight";
				INFOPLIST_KEY_UISupportsDocumentBrowser = NO;
				LD_RUNPATH_SEARCH_PATHS = (
					"$(inherited)",
					"@executable_path/Frameworks",
				);
				MARKETING_VERSION = 1.0;
				PRODUCT_BUNDLE_IDENTIFIER = com.hafizhmo.iCloudCoreDataImageGallery;
				PRODUCT_NAME = "$(TARGET_NAME)";
				SWIFT_EMIT_LOC_STRINGS = YES;
				SWIFT_VERSION = 5.0;
				TARGETED_DEVICE_FAMILY = "1,2";
			};
			name = Release;
		};
/* End XCBuildConfiguration section */

/* Begin XCConfigurationList section */
		FB0E67F62A55B82B00AAF4F7 /* Build configuration list for PBXProject "iCloudCoreDataImageGallery" */ = {
			isa = XCConfigurationList;
			buildConfigurations = (
				FB0E68072A55B82D00AAF4F7 /* Debug */,
				FB0E68082A55B82D00AAF4F7 /* Release */,
			);
			defaultConfigurationIsVisible = 0;
			defaultConfigurationName = Release;
		};
		FB0E68092A55B82D00AAF4F7 /* Build configuration list for PBXNativeTarget "iCloudCoreDataImageGallery" */ = {
			isa = XCConfigurationList;
			buildConfigurations = (
				FB0E680A2A55B82D00AAF4F7 /* Debug */,
				FB0E680B2A55B82D00AAF4F7 /* Release */,
			);
			defaultConfigurationIsVisible = 0;
			defaultConfigurationName = Release;
		};
/* End XCConfigurationList section */

/* Begin XCRemoteSwiftPackageReference section */
		FBF2070B2A59527100C4AACE /* XCRemoteSwiftPackageReference "ZIPFoundation" */ = {
			isa = XCRemoteSwiftPackageReference;
			repositoryURL = "https://github.com/weichsel/ZIPFoundation";
			requirement = {
				kind = upToNextMajorVersion;
				minimumVersion = 0.9.16;
			};
		};
/* End XCRemoteSwiftPackageReference section */

/* Begin XCSwiftPackageProductDependency section */
		FBF2070C2A59527100C4AACE /* ZIPFoundation */ = {
			isa = XCSwiftPackageProductDependency;
			package = FBF2070B2A59527100C4AACE /* XCRemoteSwiftPackageReference "ZIPFoundation" */;
			productName = ZIPFoundation;
		};
/* End XCSwiftPackageProductDependency section */

/* Begin XCVersionGroup section */
		FB0E680D2A55B89400AAF4F7 /* ImageGalleryDataModel.xcdatamodeld */ = {
			isa = XCVersionGroup;
			children = (
				FB0E680E2A55B89400AAF4F7 /* ImageGalleryDataModel.xcdatamodel */,
			);
			currentVersion = FB0E680E2A55B89400AAF4F7 /* ImageGalleryDataModel.xcdatamodel */;
			path = ImageGalleryDataModel.xcdatamodeld;
			sourceTree = "<group>";
			versionGroupType = wrapper.xcdatamodel;
		};
/* End XCVersionGroup section */
	};
	rootObject = FB0E67F32A55B82B00AAF4F7 /* Project object */;
}
